<?xml version="1.0" encoding="utf-8"?>
<Project ToolsVersion="4.0" xmlns="http://schemas.microsoft.com/developer/msbuild/2003">
  <ItemGroup>
    <ClCompile Include="..\main.cpp" />
    <ClCompile Include="..\pl.cpp" />
    <ClCompile Include="..\PlannerWindow.cpp" />
    <ClCompile Include="..\plAutomaticPlanner.cpp" />
    <ClCompile Include="..\plBoneAndCartilage.cpp" />
    <ClCompile Include="..\plBoundary.cpp" />
    <ClCompile Include="..\plBoundaryEditor.cpp" />
    <ClCompile Include="..\plBufferObject.cpp" />
    <ClCompile Include="..\plCamera.cpp" />
    <ClCompile Include="..\plChessBoard.cpp" />
    <ClCompile Include="..\plColourMap.cpp" />
    <ClCompile Include="..\plCSV.cpp" />
    <ClCompile Include="..\plDefectSite.cpp" />
    <ClCompile Include="..\plDonorSite.cpp" />
    <ClCompile Include="..\plDRBTransform.cpp" />
    <ClCompile Include="..\plEABO.cpp" />
    <ClCompile Include="..\plEditable.cpp" />
    <ClCompile Include="..\plFBO.cpp" />
    <ClCompile Include="..\plGraft.cpp" />
    <ClCompile Include="..\plGraftEditor.cpp" />
    <ClCompile Include="..\plIGuide.cpp" />
    <ClCompile Include="..\plIGuideSite.cpp" />
    <ClCompile Include="..\plLaserLine.cpp" />
    <ClCompile Include="..\plMath.cpp" />
    <ClCompile Include="..\plMatrix44.cpp" />
    <ClCompile Include="..\plMatrixStack.cpp" />
    <ClCompile Include="..\plMesh.cpp" />
    <ClCompile Include="..\plMeshAlgorithm.cpp" />
    <ClCompile Include="..\plMeshConnectivityData.cpp" />
    <ClCompile Include="..\plMeshCutter.cpp" />
    <ClCompile Include="..\plMeshExtruder.cpp" />
    <ClCompile Include="..\plMeshIntersector.cpp" />
    <ClCompile Include="..\plModel.cpp" />
    <ClCompile Include="..\plOctree.cpp" />
    <ClCompile Include="..\plOctreeMesh.cpp" />
    <ClCompile Include="..\plOpenGLInfo.cpp" />
    <ClCompile Include="..\plPlan.cpp" />
    <ClCompile Include="..\plPlannerShader.cpp" />
    <ClCompile Include="..\plPlannerStage0.cpp" />
    <ClCompile Include="..\plPlannerStage1.cpp" />
    <ClCompile Include="..\plPlannerStage2.cpp" />
    <ClCompile Include="..\plPlannerStage3.cpp" />
    <ClCompile Include="..\plPlannerStructs.cpp" />
    <ClCompile Include="..\plPlanningBufferData.cpp" />
    <ClCompile Include="..\plPlanningSite.cpp" />
    <ClCompile Include="..\plPlug.cpp" />
    <ClCompile Include="..\plPolygon.cpp" />
    <ClCompile Include="..\plProjection.cpp" />
    <ClCompile Include="..\plRenderable.cpp" />
    <ClCompile Include="..\plRenderComponent.cpp" />
    <ClCompile Include="..\plRenderer.cpp" />
    <ClCompile Include="..\plRenderingPipeline.cpp" />
    <ClCompile Include="..\plScan.cpp" />
    <ClCompile Include="..\plScanPoint.cpp" />
    <ClCompile Include="..\plScanVolume.cpp" />
    <ClCompile Include="..\plShader.cpp" />
    <ClCompile Include="..\plSpline.cpp" />
    <ClCompile Include="..\plSSBO.cpp" />
    <ClCompile Include="..\plString.cpp" />
    <ClCompile Include="..\plTexture2D.cpp" />
    <ClCompile Include="..\plTexture3D.cpp" />
    <ClCompile Include="..\plTrackedObject.cpp" />
    <ClCompile Include="..\plTransform.cpp" />
    <ClCompile Include="..\plTransparentRenderable.cpp" />
    <ClCompile Include="..\plTriangle.cpp" />
    <ClCompile Include="..\plUniform.cpp" />
    <ClCompile Include="..\plUtility.cpp" />
    <ClCompile Include="..\plVAO.cpp" />
    <ClCompile Include="..\plVBO.cpp" />
    <ClCompile Include="..\plVector3.cpp" />
    <ClCompile Include="..\plVector4.cpp" />
    <ClCompile Include="..\plVertexFragmentShader.cpp" />
    <ClCompile Include="..\plWindow.cpp" />
    <ClCompile Include="..\Window.cpp" />
    <ClCompile Include="..\plRenderTechnique.cpp" />
    <ClCompile Include="..\plVertexSpecBuffer.cpp" />
    <ClCompile Include="..\plPicking.cpp" />
    <ClCompile Include="..\plRenderResources.cpp" />
    <ClCompile Include="..\plPlanTechnique.cpp" />
    <ClCompile Include="..\plScreenQuadTechnique.cpp" />
    <ClCompile Include="..\plGraftCap.cpp" />
    <ClCompile Include="..\plArthroCamTechnique.cpp" />
    <ClCompile Include="..\plOutlineTechnique.cpp" />
    <ClCompile Include="..\plTransparencyTechnique.cpp" />
    <ClCompile Include="..\plArthroViewable.cpp" />
    <ClCompile Include="..\plMeshSpecific.cpp" />
    <ClCompile Include="..\plEditor.cpp" />
    <ClCompile Include="..\plMinimalTechnique.cpp" />
    <ClCompile Include="..\plRenderShapes.cpp" />
    <ClCompile Include="..\plTimer.cpp" />
    <ClCompile Include="..\plModelEditor.cpp" />
  </ItemGroup>
  <ItemGroup>
    <ClInclude Include="..\pl.h" />
    <ClInclude Include="..\PlannerWindow.h" />
    <ClInclude Include="..\plAutomaticPlanner.h" />
    <ClInclude Include="..\plBoneAndCartilage.h" />
    <ClInclude Include="..\plBoundary.h" />
    <ClInclude Include="..\plBoundaryEditor.h" />
    <ClInclude Include="..\plBufferObject.h" />
    <ClInclude Include="..\plCamera.h" />
    <ClInclude Include="..\plChessBoard.h" />
    <ClInclude Include="..\plColourMap.h" />
    <ClInclude Include="..\plCommon.h" />
    <ClInclude Include="..\plCSV.h" />
    <ClInclude Include="..\plDefectSite.h" />
    <ClInclude Include="..\plDonorSite.h" />
    <ClInclude Include="..\plDRBTransform.h" />
    <ClInclude Include="..\plEABO.h" />
    <ClInclude Include="..\plEditable.h" />
    <ClInclude Include="..\plFBO.h" />
    <ClInclude Include="..\plGraft.h" />
    <ClInclude Include="..\plGraftEditor.h" />
    <ClInclude Include="..\plIGuide.h" />
    <ClInclude Include="..\plIGuideSite.h" />
    <ClInclude Include="..\plLaserLine.h" />
    <ClInclude Include="..\plMath.h" />
    <ClInclude Include="..\plMatrix44.h" />
    <ClInclude Include="..\plMatrixStack.h" />
    <ClInclude Include="..\plMesh.h" />
    <ClInclude Include="..\plMeshAlgorithm.h" />
    <ClInclude Include="..\plMeshConnectivityData.h" />
    <ClInclude Include="..\plMeshCutter.h" />
    <ClInclude Include="..\plMeshExtruder.h" />
    <ClInclude Include="..\plMeshIntersector.h" />
    <ClInclude Include="..\plModel.h" />
    <ClInclude Include="..\plOctree.h" />
    <ClInclude Include="..\plOctreeMesh.h" />
    <ClInclude Include="..\plOpenGLInfo.h" />
    <ClInclude Include="..\plPlan.h" />
    <ClInclude Include="..\plPlannerShader.h" />
    <ClInclude Include="..\plPlannerStage0.h" />
    <ClInclude Include="..\plPlannerStage1.h" />
    <ClInclude Include="..\plPlannerStage2.h" />
    <ClInclude Include="..\plPlannerStage3.h" />
    <ClInclude Include="..\plPlannerStructs.h" />
    <ClInclude Include="..\plPlanningBufferData.h" />
    <ClInclude Include="..\plPlanningSite.h" />
    <ClInclude Include="..\plPlug.h" />
    <ClInclude Include="..\plPolygon.h" />
    <ClInclude Include="..\plProjection.h" />
    <ClInclude Include="..\plRenderable.h" />
    <ClInclude Include="..\plRenderComponent.h" />
    <ClInclude Include="..\plRenderer.h" />
    <ClInclude Include="..\plRenderingPipeline.h" />
    <ClInclude Include="..\plScan.h" />
    <ClInclude Include="..\plScanPoint.h" />
    <ClInclude Include="..\plScanVolume.h" />
    <ClInclude Include="..\plSeq.h" />
    <ClInclude Include="..\plShader.h" />
    <ClInclude Include="..\plSpline.h" />
    <ClInclude Include="..\plSSBO.h" />
    <ClInclude Include="..\plString.h" />
    <ClInclude Include="..\plTexture2D.h" />
    <ClInclude Include="..\plTexture3D.h" />
    <ClInclude Include="..\plTrackedObject.h" />
    <ClInclude Include="..\plTransform.h" />
    <ClInclude Include="..\plTransparentRenderable.h" />
    <ClInclude Include="..\plTriangle.h" />
    <ClInclude Include="..\plUniform.h" />
    <ClInclude Include="..\plUtility.h" />
    <ClInclude Include="..\plVAO.h" />
    <ClInclude Include="..\plVBO.h" />
    <ClInclude Include="..\plVector3.h" />
    <ClInclude Include="..\plVector4.h" />
    <ClInclude Include="..\plVertexFragmentShader.h" />
    <ClInclude Include="..\plWindow.h" />
    <ClInclude Include="..\Window.h" />
    <ClInclude Include="..\plRenderTechnique.h" />
    <ClInclude Include="..\plVertexSpecBuffer.h" />
    <ClInclude Include="..\plPicking.h" />
    <ClInclude Include="..\plRenderResources.h" />
    <ClInclude Include="..\plPlanTechnique.h" />
    <ClInclude Include="..\plScreenQuadTechnique.h" />
    <ClInclude Include="..\plGraftCap.h" />
    <ClInclude Include="..\plArthroCamTechnique.h" />
    <ClInclude Include="..\plOutlineTechnique.h" />
    <ClInclude Include="..\plTransparencyTechnique.h" />
    <ClInclude Include="..\plArthroViewable.h" />
    <ClInclude Include="..\plMeshSpecific.h" />
    <ClInclude Include="..\plEditor.h" />
    <ClInclude Include="..\plMinimalTechnique.h" />
    <ClInclude Include="..\plRenderShapes.h" />
    <ClInclude Include="..\plTimer.h" />
    <ClInclude Include="..\plModelEditor.h" />
  </ItemGroup>
  <ItemGroup>
    <Text Include="..\TODO.txt" />
  </ItemGroup>
</Project>